
Microsoft Visual Studio Solution File, Format Version 12.00
# Visual Studio 14
VisualStudioVersion = 14.0.23107.0
MinimumVisualStudioVersion = 10.0.40219.1
Project("{2150E333-8FDC-42A3-9474-1A3956D46DE8}") = "src", "src", "{79670A95-76E2-40F9-B283-D3FD224D0090}"
EndProject
Project("{FAE04EC0-301F-11D3-BF4B-00C04F79EFBC}") = "ObservableCollection.Batched.Tests", "test\ObservableCollection.Batched.Tests\ObservableCollection.Batched.Tests.csproj", "{2E3DF5C2-8A38-4A03-86D7-8D463C917E47}"
EndProject
Project("{2150E333-8FDC-42A3-9474-1A3956D46DE8}") = "tests", "tests", "{52FBD2A4-2926-40C5-8DBC-9E8121C6B847}"
EndProject
Project("{FAE04EC0-301F-11D3-BF4B-00C04F79EFBC}") = "ObservableCollection.Batched", "src\BatchedObservableCollection\ObservableCollection.Batched.csproj", "{91A0EF7D-8045-473F-8106-93E3A368E204}"
EndProject
Global
	GlobalSection(SolutionConfigurationPlatforms) = preSolution
		Debug|Any CPU = Debug|Any CPU
		Release|Any CPU = Release|Any CPU
	EndGlobalSection
	GlobalSection(ProjectConfigurationPlatforms) = postSolution
		{2E3DF5C2-8A38-4A03-86D7-8D463C917E47}.Debug|Any CPU.ActiveCfg = Debug|Any CPU
		{2E3DF5C2-8A38-4A03-86D7-8D463C917E47}.Debug|Any CPU.Build.0 = Debug|Any CPU
		{2E3DF5C2-8A38-4A03-86D7-8D463C917E47}.Release|Any CPU.ActiveCfg = Release|Any CPU
		{2E3DF5C2-8A38-4A03-86D7-8D463C917E47}.Release|Any CPU.Build.0 = Release|Any CPU
		{91A0EF7D-8045-473F-8106-93E3A368E204}.Debug|Any CPU.ActiveCfg = Debug|Any CPU
		{91A0EF7D-8045-473F-8106-93E3A368E204}.Debug|Any CPU.Build.0 = Debug|Any CPU
		{91A0EF7D-8045-473F-8106-93E3A368E204}.Release|Any CPU.ActiveCfg = Release|Any CPU
		{91A0EF7D-8045-473F-8106-93E3A368E204}.Release|Any CPU.Build.0 = Release|Any CPU
	EndGlobalSection
	GlobalSection(SolutionProperties) = preSolution
		HideSolutionNode = FALSE
	EndGlobalSection
	GlobalSection(NestedProjects) = preSolution
		{2E3DF5C2-8A38-4A03-86D7-8D463C917E47} = {52FBD2A4-2926-40C5-8DBC-9E8121C6B847}
		{91A0EF7D-8045-473F-8106-93E3A368E204} = {79670A95-76E2-40F9-B283-D3FD224D0090}
	EndGlobalSection
EndGlobal
